
Microsoft Visual Studio Solution File, Format Version 12.00
# Visual Studio Version 16
VisualStudioVersion = 16.0.32413.511
MinimumVisualStudioVersion = 10.0.40219.1
Project("{8BC9CEB8-8B4A-11D0-8D11-00A0C91BC942}") = "Practicum 10 ex 1", "Practicum 10 ex 1\Practicum 10 ex 1.vcxproj", "{39B553BC-4E35-4111-83E8-6F2661DC7839}"
EndProject
Global
	GlobalSection(SolutionConfigurationPlatforms) = preSolution
		Debug|x64 = Debug|x64
		Debug|x86 = Debug|x86
		Release|x64 = Release|x64
		Release|x86 = Release|x86
	EndGlobalSection
	GlobalSection(ProjectConfigurationPlatforms) = postSolution
		{39B553BC-4E35-4111-83E8-6F2661DC7839}.Debug|x64.ActiveCfg = Debug|x64
		{39B553BC-4E35-4111-83E8-6F2661DC7839}.Debug|x64.Build.0 = Debug|x64
		{39B553BC-4E35-4111-83E8-6F2661DC7839}.Debug|x86.ActiveCfg = Debug|Win32
		{39B553BC-4E35-4111-83E8-6F2661DC7839}.Debug|x86.Build.0 = Debug|Win32
		{39B553BC-4E35-4111-83E8-6F2661DC7839}.Release|x64.ActiveCfg = Release|x64
		{39B553BC-4E35-4111-83E8-6F2661DC7839}.Release|x64.Build.0 = Release|x64
		{39B553BC-4E35-4111-83E8-6F2661DC7839}.Release|x86.ActiveCfg = Release|Win32
		{39B553BC-4E35-4111-83E8-6F2661DC7839}.Release|x86.Build.0 = Release|Win32
	EndGlobalSection
	GlobalSection(SolutionProperties) = preSolution
		HideSolutionNode = FALSE
	EndGlobalSection
	GlobalSection(ExtensibilityGlobals) = postSolution
		SolutionGuid = {3BD40223-836F-470F-98FB-915F94008C0B}
	EndGlobalSection
EndGlobal
