
Microsoft Visual Studio Solution File, Format Version 12.00
# Visual Studio Version 16
VisualStudioVersion = 16.0.31729.503
MinimumVisualStudioVersion = 10.0.40219.1
Project("{8BC9CEB8-8B4A-11D0-8D11-00A0C91BC942}") = "Practicum 5", "Practicum 5.vcxproj", "{4E5284ED-FB0C-4402-8A59-4DF59C5CDF3B}"
EndProject
Project("{8BC9CEB8-8B4A-11D0-8D11-00A0C91BC942}") = "ex. 1", "..\ex. 1\ex. 1.vcxproj", "{1B52D948-0A21-4EF6-B385-C76E2F8F70BA}"
EndProject
Global
	GlobalSection(SolutionConfigurationPlatforms) = preSolution
		Debug|x64 = Debug|x64
		Debug|x86 = Debug|x86
		Release|x64 = Release|x64
		Release|x86 = Release|x86
	EndGlobalSection
	GlobalSection(ProjectConfigurationPlatforms) = postSolution
		{4E5284ED-FB0C-4402-8A59-4DF59C5CDF3B}.Debug|x64.ActiveCfg = Debug|x64
		{4E5284ED-FB0C-4402-8A59-4DF59C5CDF3B}.Debug|x64.Build.0 = Debug|x64
		{4E5284ED-FB0C-4402-8A59-4DF59C5CDF3B}.Debug|x86.ActiveCfg = Debug|Win32
		{4E5284ED-FB0C-4402-8A59-4DF59C5CDF3B}.Debug|x86.Build.0 = Debug|Win32
		{4E5284ED-FB0C-4402-8A59-4DF59C5CDF3B}.Release|x64.ActiveCfg = Release|x64
		{4E5284ED-FB0C-4402-8A59-4DF59C5CDF3B}.Release|x64.Build.0 = Release|x64
		{4E5284ED-FB0C-4402-8A59-4DF59C5CDF3B}.Release|x86.ActiveCfg = Release|Win32
		{4E5284ED-FB0C-4402-8A59-4DF59C5CDF3B}.Release|x86.Build.0 = Release|Win32
		{1B52D948-0A21-4EF6-B385-C76E2F8F70BA}.Debug|x64.ActiveCfg = Debug|x64
		{1B52D948-0A21-4EF6-B385-C76E2F8F70BA}.Debug|x64.Build.0 = Debug|x64
		{1B52D948-0A21-4EF6-B385-C76E2F8F70BA}.Debug|x86.ActiveCfg = Debug|Win32
		{1B52D948-0A21-4EF6-B385-C76E2F8F70BA}.Debug|x86.Build.0 = Debug|Win32
		{1B52D948-0A21-4EF6-B385-C76E2F8F70BA}.Release|x64.ActiveCfg = Release|x64
		{1B52D948-0A21-4EF6-B385-C76E2F8F70BA}.Release|x64.Build.0 = Release|x64
		{1B52D948-0A21-4EF6-B385-C76E2F8F70BA}.Release|x86.ActiveCfg = Release|Win32
		{1B52D948-0A21-4EF6-B385-C76E2F8F70BA}.Release|x86.Build.0 = Release|Win32
	EndGlobalSection
	GlobalSection(SolutionProperties) = preSolution
		HideSolutionNode = FALSE
	EndGlobalSection
	GlobalSection(ExtensibilityGlobals) = postSolution
		SolutionGuid = {627068FF-7410-4938-BFDC-50DAC1778926}
	EndGlobalSection
EndGlobal
